
Microsoft Visual Studio Solution File, Format Version 12.00
# Visual Studio Version 17
VisualStudioVersion = 17.9.34728.123
MinimumVisualStudioVersion = 10.0.40219.1
Project("{FAE04EC0-301F-11D3-BF4B-00C04F79EFBC}") = "MauiPOS", "MauiPOS.csproj", "{99046A70-3BB7-486E-AD4E-75A12B59CECF}"
EndProject
Global
	GlobalSection(SolutionConfigurationPlatforms) = preSolution
		Debug|Any CPU = Debug|Any CPU
		Release|Any CPU = Release|Any CPU
	EndGlobalSection
	GlobalSection(ProjectConfigurationPlatforms) = postSolution
		{99046A70-3BB7-486E-AD4E-75A12B59CECF}.Debug|Any CPU.ActiveCfg = Debug|Any CPU
		{99046A70-3BB7-486E-AD4E-75A12B59CECF}.Debug|Any CPU.Build.0 = Debug|Any CPU
		{99046A70-3BB7-486E-AD4E-75A12B59CECF}.Debug|Any CPU.Deploy.0 = Debug|Any CPU
		{99046A70-3BB7-486E-AD4E-75A12B59CECF}.Release|Any CPU.ActiveCfg = Release|Any CPU
		{99046A70-3BB7-486E-AD4E-75A12B59CECF}.Release|Any CPU.Build.0 = Release|Any CPU
		{99046A70-3BB7-486E-AD4E-75A12B59CECF}.Release|Any CPU.Deploy.0 = Release|Any CPU
	EndGlobalSection
	GlobalSection(SolutionProperties) = preSolution
		HideSolutionNode = FALSE
	EndGlobalSection
	GlobalSection(ExtensibilityGlobals) = postSolution
		SolutionGuid = {59D41FD0-55A3-468A-8FDC-D6A4330A63D0}
	EndGlobalSection
EndGlobal
